// !$*UTF8*$!
{
	archiveVersion = 1;
	classes = {
	};
	objectVersion = 46;
	objects = {

/* Begin PBXBuildFile section */
		2E0DC0461A10EAE100E975BC /* CoreGraphics.framework in Frameworks */ = {isa = PBXBuildFile; fileRef = 2E0DC0451A10EAE100E975BC /* CoreGraphics.framework */; };
		2E0DC0481A10EC2500E975BC /* UIKit.framework in Frameworks */ = {isa = PBXBuildFile; fileRef = 2E0DC0471A10EC2500E975BC /* UIKit.framework */; };
		2E3182EB1A0F4AFF0000B88B /* openCVLib.framework in Frameworks */ = {isa = PBXBuildFile; fileRef = 2E3182EA1A0F4AFF0000B88B /* openCVLib.framework */; };
		2E77D8F91A11233B00242D72 /* opencv2.framework in Frameworks */ = {isa = PBXBuildFile; fileRef = 2E77D8F81A11233B00242D72 /* opencv2.framework */; };
		2E8AB6631A10EA510034DE2D /* AssetsLibrary.framework in Frameworks */ = {isa = PBXBuildFile; fileRef = 2E8AB65C1A10EA510034DE2D /* AssetsLibrary.framework */; };
		2E8AB6641A10EA510034DE2D /* AVFoundation.framework in Frameworks */ = {isa = PBXBuildFile; fileRef = 2E8AB65D1A10EA510034DE2D /* AVFoundation.framework */; };
		2E8AB6651A10EA510034DE2D /* CoreData.framework in Frameworks */ = {isa = PBXBuildFile; fileRef = 2E8AB65E1A10EA510034DE2D /* CoreData.framework */; };
		2E8AB6661A10EA510034DE2D /* CoreImage.framework in Frameworks */ = {isa = PBXBuildFile; fileRef = 2E8AB65F1A10EA510034DE2D /* CoreImage.framework */; };
		2E8AB6671A10EA510034DE2D /* CoreMedia.framework in Frameworks */ = {isa = PBXBuildFile; fileRef = 2E8AB6601A10EA510034DE2D /* CoreMedia.framework */; };
		2E8AB6681A10EA510034DE2D /* CoreVideo.framework in Frameworks */ = {isa = PBXBuildFile; fileRef = 2E8AB6611A10EA510034DE2D /* CoreVideo.framework */; };
		2E8AB6691A10EA510034DE2D /* QuartzCore.framework in Frameworks */ = {isa = PBXBuildFile; fileRef = 2E8AB6621A10EA510034DE2D /* QuartzCore.framework */; };
		2EE06FFA1A0FA69F0099B820 /* lena.jpg in Resources */ = {isa = PBXBuildFile; fileRef = 2EE06FF91A0FA69F0099B820 /* lena.jpg */; };
		B02DA88D1A0DBEBA005BE04D /* main.m in Sources */ = {isa = PBXBuildFile; fileRef = B02DA88C1A0DBEBA005BE04D /* main.m */; };
		B02DA8901A0DBEBA005BE04D /* AppDelegate.m in Sources */ = {isa = PBXBuildFile; fileRef = B02DA88F1A0DBEBA005BE04D /* AppDelegate.m */; };
		B02DA8931A0DBEBA005BE04D /* ViewController.mm in Sources */ = {isa = PBXBuildFile; fileRef = B02DA8921A0DBEBA005BE04D /* ViewController.mm */; };
		B02DA8961A0DBEBA005BE04D /* Main.storyboard in Resources */ = {isa = PBXBuildFile; fileRef = B02DA8941A0DBEBA005BE04D /* Main.storyboard */; };
		B02DA8981A0DBEBA005BE04D /* Images.xcassets in Resources */ = {isa = PBXBuildFile; fileRef = B02DA8971A0DBEBA005BE04D /* Images.xcassets */; };
/* End PBXBuildFile section */

/* Begin PBXFileReference section */
		2E0DC0451A10EAE100E975BC /* CoreGraphics.framework */ = {isa = PBXFileReference; lastKnownFileType = wrapper.framework; name = CoreGraphics.framework; path = System/Library/Frameworks/CoreGraphics.framework; sourceTree = SDKROOT; };
		2E0DC0471A10EC2500E975BC /* UIKit.framework */ = {isa = PBXFileReference; lastKnownFileType = wrapper.framework; name = UIKit.framework; path = System/Library/Frameworks/UIKit.framework; sourceTree = SDKROOT; };
		2E3182EA1A0F4AFF0000B88B /* openCVLib.framework */ = {isa = PBXFileReference; lastKnownFileType = wrapper.framework; path = openCVLib.framework; sourceTree = "<group>"; };
		2E77D8F81A11233B00242D72 /* opencv2.framework */ = {isa = PBXFileReference; lastKnownFileType = wrapper.framework; name = opencv2.framework; path = ../../../../../devLibrary/opencv2.framework; sourceTree = "<group>"; };
		2E8AB65C1A10EA510034DE2D /* AssetsLibrary.framework */ = {isa = PBXFileReference; lastKnownFileType = wrapper.framework; name = AssetsLibrary.framework; path = System/Library/Frameworks/AssetsLibrary.framework; sourceTree = SDKROOT; };
		2E8AB65D1A10EA510034DE2D /* AVFoundation.framework */ = {isa = PBXFileReference; lastKnownFileType = wrapper.framework; name = AVFoundation.framework; path = System/Library/Frameworks/AVFoundation.framework; sourceTree = SDKROOT; };
		2E8AB65E1A10EA510034DE2D /* CoreData.framework */ = {isa = PBXFileReference; lastKnownFileType = wrapper.framework; name = CoreData.framework; path = System/Library/Frameworks/CoreData.framework; sourceTree = SDKROOT; };
		2E8AB65F1A10EA510034DE2D /* CoreImage.framework */ = {isa = PBXFileReference; lastKnownFileType = wrapper.framework; name = CoreImage.framework; path = System/Library/Frameworks/CoreImage.framework; sourceTree = SDKROOT; };
		2E8AB6601A10EA510034DE2D /* CoreMedia.framework */ = {isa = PBXFileReference; lastKnownFileType = wrapper.framework; name = CoreMedia.framework; path = System/Library/Frameworks/CoreMedia.framework; sourceTree = SDKROOT; };
		2E8AB6611A10EA510034DE2D /* CoreVideo.framework */ = {isa = PBXFileReference; lastKnownFileType = wrapper.framework; name = CoreVideo.framework; path = System/Library/Frameworks/CoreVideo.framework; sourceTree = SDKROOT; };
		2E8AB6621A10EA510034DE2D /* QuartzCore.framework */ = {isa = PBXFileReference; lastKnownFileType = wrapper.framework; name = QuartzCore.framework; path = System/Library/Frameworks/QuartzCore.framework; sourceTree = SDKROOT; };
		2EE06FF91A0FA69F0099B820 /* lena.jpg */ = {isa = PBXFileReference; lastKnownFileType = image.jpeg; path = lena.jpg; sourceTree = "<group>"; };
		B00C73571A0E2B330090663C /* opencv2.framework */ = {isa = PBXFileReference; lastKnownFileType = wrapper.framework; path = opencv2.framework; sourceTree = "<group>"; };
		B02DA8871A0DBEBA005BE04D /* Camera.app */ = {isa = PBXFileReference; explicitFileType = wrapper.application; includeInIndex = 0; path = Camera.app; sourceTree = BUILT_PRODUCTS_DIR; };
		B02DA88B1A0DBEBA005BE04D /* Info.plist */ = {isa = PBXFileReference; lastKnownFileType = text.plist.xml; path = Info.plist; sourceTree = "<group>"; };
		B02DA88C1A0DBEBA005BE04D /* main.m */ = {isa = PBXFileReference; lastKnownFileType = sourcecode.c.objc; path = main.m; sourceTree = "<group>"; };
		B02DA88E1A0DBEBA005BE04D /* AppDelegate.h */ = {isa = PBXFileReference; lastKnownFileType = sourcecode.c.h; path = AppDelegate.h; sourceTree = "<group>"; };
		B02DA88F1A0DBEBA005BE04D /* AppDelegate.m */ = {isa = PBXFileReference; lastKnownFileType = sourcecode.c.objc; path = AppDelegate.m; sourceTree = "<group>"; };
		B02DA8911A0DBEBA005BE04D /* ViewController.h */ = {isa = PBXFileReference; lastKnownFileType = sourcecode.c.h; path = ViewController.h; sourceTree = "<group>"; };
		B02DA8921A0DBEBA005BE04D /* ViewController.mm */ = {isa = PBXFileReference; lastKnownFileType = sourcecode.cpp.objcpp; path = ViewController.mm; sourceTree = "<group>"; };
		B02DA8951A0DBEBA005BE04D /* Base */ = {isa = PBXFileReference; lastKnownFileType = file.storyboard; name = Base; path = Base.lproj/Main.storyboard; sourceTree = "<group>"; };
		B02DA8971A0DBEBA005BE04D /* Images.xcassets */ = {isa = PBXFileReference; lastKnownFileType = folder.assetcatalog; path = Images.xcassets; sourceTree = "<group>"; };
		B02DA8A51A0DBEBA005BE04D /* Info.plist */ = {isa = PBXFileReference; lastKnownFileType = text.plist.xml; path = Info.plist; sourceTree = "<group>"; };
		B02DA8A61A0DBEBA005BE04D /* CameraTests.m */ = {isa = PBXFileReference; lastKnownFileType = sourcecode.c.objc; path = CameraTests.m; sourceTree = "<group>"; };
/* End PBXFileReference section */

/* Begin PBXFrameworksBuildPhase section */
		B02DA8841A0DBEBA005BE04D /* Frameworks */ = {
			isa = PBXFrameworksBuildPhase;
			buildActionMask = 2147483647;
			files = (
				2E77D8F91A11233B00242D72 /* opencv2.framework in Frameworks */,
				2E0DC0481A10EC2500E975BC /* UIKit.framework in Frameworks */,
				2E0DC0461A10EAE100E975BC /* CoreGraphics.framework in Frameworks */,
				2E8AB6631A10EA510034DE2D /* AssetsLibrary.framework in Frameworks */,
				2E8AB6641A10EA510034DE2D /* AVFoundation.framework in Frameworks */,
				2E8AB6651A10EA510034DE2D /* CoreData.framework in Frameworks */,
				2E8AB6661A10EA510034DE2D /* CoreImage.framework in Frameworks */,
				2E8AB6671A10EA510034DE2D /* CoreMedia.framework in Frameworks */,
				2E8AB6681A10EA510034DE2D /* CoreVideo.framework in Frameworks */,
				2E8AB6691A10EA510034DE2D /* QuartzCore.framework in Frameworks */,
				2E3182EB1A0F4AFF0000B88B /* openCVLib.framework in Frameworks */,
			);
			runOnlyForDeploymentPostprocessing = 0;
		};
/* End PBXFrameworksBuildPhase section */

/* Begin PBXGroup section */
		B02DA87E1A0DBEBA005BE04D = {
			isa = PBXGroup;
			children = (
				2E77D8F81A11233B00242D72 /* opencv2.framework */,
				2E0DC0471A10EC2500E975BC /* UIKit.framework */,
				2E0DC0451A10EAE100E975BC /* CoreGraphics.framework */,
				2E8AB65C1A10EA510034DE2D /* AssetsLibrary.framework */,
				2E8AB65D1A10EA510034DE2D /* AVFoundation.framework */,
				2E8AB65E1A10EA510034DE2D /* CoreData.framework */,
				2E8AB65F1A10EA510034DE2D /* CoreImage.framework */,
				2E8AB6601A10EA510034DE2D /* CoreMedia.framework */,
				2E8AB6611A10EA510034DE2D /* CoreVideo.framework */,
				2E8AB6621A10EA510034DE2D /* QuartzCore.framework */,
				2E3182EA1A0F4AFF0000B88B /* openCVLib.framework */,
				B00C73571A0E2B330090663C /* opencv2.framework */,
				B02DA8891A0DBEBA005BE04D /* Camera */,
				B02DA8A31A0DBEBA005BE04D /* CameraTests */,
				B02DA8881A0DBEBA005BE04D /* Products */,
			);
			sourceTree = "<group>";
		};
		B02DA8881A0DBEBA005BE04D /* Products */ = {
			isa = PBXGroup;
			children = (
				B02DA8871A0DBEBA005BE04D /* Camera.app */,
			);
			name = Products;
			sourceTree = "<group>";
		};
		B02DA8891A0DBEBA005BE04D /* Camera */ = {
			isa = PBXGroup;
			children = (
				B02DA88E1A0DBEBA005BE04D /* AppDelegate.h */,
				2EE06FF91A0FA69F0099B820 /* lena.jpg */,
				B02DA88F1A0DBEBA005BE04D /* AppDelegate.m */,
				B02DA8911A0DBEBA005BE04D /* ViewController.h */,
				B02DA8921A0DBEBA005BE04D /* ViewController.mm */,
				B02DA8941A0DBEBA005BE04D /* Main.storyboard */,
				B02DA8971A0DBEBA005BE04D /* Images.xcassets */,
				B02DA88A1A0DBEBA005BE04D /* Supporting Files */,
			);
			path = Camera;
			sourceTree = "<group>";
		};
		B02DA88A1A0DBEBA005BE04D /* Supporting Files */ = {
			isa = PBXGroup;
			children = (
				B02DA88B1A0DBEBA005BE04D /* Info.plist */,
				B02DA88C1A0DBEBA005BE04D /* main.m */,
			);
			name = "Supporting Files";
			sourceTree = "<group>";
		};
		B02DA8A31A0DBEBA005BE04D /* CameraTests */ = {
			isa = PBXGroup;
			children = (
				B02DA8A61A0DBEBA005BE04D /* CameraTests.m */,
				B02DA8A41A0DBEBA005BE04D /* Supporting Files */,
			);
			path = CameraTests;
			sourceTree = "<group>";
		};
		B02DA8A41A0DBEBA005BE04D /* Supporting Files */ = {
			isa = PBXGroup;
			children = (
				B02DA8A51A0DBEBA005BE04D /* Info.plist */,
			);
			name = "Supporting Files";
			sourceTree = "<group>";
		};
/* End PBXGroup section */

/* Begin PBXNativeTarget section */
		B02DA8861A0DBEBA005BE04D /* Camera */ = {
			isa = PBXNativeTarget;
			buildConfigurationList = B02DA8AA1A0DBEBA005BE04D /* Build configuration list for PBXNativeTarget "Camera" */;
			buildPhases = (
				B02DA8831A0DBEBA005BE04D /* Sources */,
				B02DA8841A0DBEBA005BE04D /* Frameworks */,
				B02DA8851A0DBEBA005BE04D /* Resources */,
			);
			buildRules = (
			);
			dependencies = (
			);
			name = Camera;
			productName = Camera;
			productReference = B02DA8871A0DBEBA005BE04D /* Camera.app */;
			productType = "com.apple.product-type.application";
		};
/* End PBXNativeTarget section */

/* Begin PBXProject section */
		B02DA87F1A0DBEBA005BE04D /* Project object */ = {
			isa = PBXProject;
			attributes = {
				LastUpgradeCheck = 0610;
				ORGANIZATIONNAME = Kojima;
				TargetAttributes = {
					B02DA8861A0DBEBA005BE04D = {
						CreatedOnToolsVersion = 6.1;
					};
					B02DA89F1A0DBEBA005BE04D = {
						CreatedOnToolsVersion = 6.1;
						TestTargetID = B02DA8861A0DBEBA005BE04D;
					};
				};
			};
			buildConfigurationList = B02DA8821A0DBEBA005BE04D /* Build configuration list for PBXProject "Camera" */;
			compatibilityVersion = "Xcode 3.2";
			developmentRegion = English;
			hasScannedForEncodings = 0;
			knownRegions = (
				en,
				Base,
			);
			mainGroup = B02DA87E1A0DBEBA005BE04D;
			productRefGroup = B02DA8881A0DBEBA005BE04D /* Products */;
			projectDirPath = "";
			projectRoot = "";
			targets = (
				B02DA8861A0DBEBA005BE04D /* Camera */,
			);
		};
/* End PBXProject section */

/* Begin PBXResourcesBuildPhase section */
		B02DA8851A0DBEBA005BE04D /* Resources */ = {
			isa = PBXResourcesBuildPhase;
			buildActionMask = 2147483647;
			files = (
				B02DA8961A0DBEBA005BE04D /* Main.storyboard in Resources */,
				B02DA8981A0DBEBA005BE04D /* Images.xcassets in Resources */,
				2EE06FFA1A0FA69F0099B820 /* lena.jpg in Resources */,
			);
			runOnlyForDeploymentPostprocessing = 0;
		};
/* End PBXResourcesBuildPhase section */

/* Begin PBXSourcesBuildPhase section */
		B02DA8831A0DBEBA005BE04D /* Sources */ = {
			isa = PBXSourcesBuildPhase;
			buildActionMask = 2147483647;
			files = (
				B02DA8931A0DBEBA005BE04D /* ViewController.mm in Sources */,
				B02DA8901A0DBEBA005BE04D /* AppDelegate.m in Sources */,
				B02DA88D1A0DBEBA005BE04D /* main.m in Sources */,
			);
			runOnlyForDeploymentPostprocessing = 0;
		};
/* End PBXSourcesBuildPhase section */

/* Begin PBXVariantGroup section */
		B02DA8941A0DBEBA005BE04D /* Main.storyboard */ = {
			isa = PBXVariantGroup;
			children = (
				B02DA8951A0DBEBA005BE04D /* Base */,
			);
			name = Main.storyboard;
			sourceTree = "<group>";
		};
/* End PBXVariantGroup section */

/* Begin XCBuildConfiguration section */
		B02DA8A81A0DBEBA005BE04D /* Debug */ = {
			isa = XCBuildConfiguration;
			buildSettings = {
				ALWAYS_SEARCH_USER_PATHS = NO;
				CLANG_CXX_LANGUAGE_STANDARD = "gnu++0x";
				CLANG_CXX_LIBRARY = "libc++";
				CLANG_ENABLE_MODULES = YES;
				CLANG_ENABLE_OBJC_ARC = YES;
				CLANG_WARN_BOOL_CONVERSION = YES;
				CLANG_WARN_CONSTANT_CONVERSION = YES;
				CLANG_WARN_DIRECT_OBJC_ISA_USAGE = YES_ERROR;
				CLANG_WARN_EMPTY_BODY = YES;
				CLANG_WARN_ENUM_CONVERSION = YES;
				CLANG_WARN_INT_CONVERSION = YES;
				CLANG_WARN_OBJC_ROOT_CLASS = YES_ERROR;
				CLANG_WARN_UNREACHABLE_CODE = YES;
				CLANG_WARN__DUPLICATE_METHOD_MATCH = YES;
				CODE_SIGN_IDENTITY = Fake_Code_Sign;
				"CODE_SIGN_IDENTITY[sdk=iphoneos*]" = Fake_Code_Sign;
				COPY_PHASE_STRIP = NO;
				ENABLE_STRICT_OBJC_MSGSEND = YES;
				FRAMEWORK_SEARCH_PATHS = "${SRCROOT}";
				GCC_C_LANGUAGE_STANDARD = gnu99;
				GCC_DYNAMIC_NO_PIC = NO;
				GCC_OPTIMIZATION_LEVEL = 0;
				GCC_PREPROCESSOR_DEFINITIONS = (
					"DEBUG=1",
					"$(inherited)",
				);
				GCC_SYMBOLS_PRIVATE_EXTERN = NO;
				GCC_WARN_64_TO_32_BIT_CONVERSION = YES;
				GCC_WARN_ABOUT_RETURN_TYPE = YES_ERROR;
				GCC_WARN_UNDECLARED_SELECTOR = YES;
				GCC_WARN_UNINITIALIZED_AUTOS = YES_AGGRESSIVE;
				GCC_WARN_UNUSED_FUNCTION = YES;
				GCC_WARN_UNUSED_VARIABLE = YES;
				IPHONEOS_DEPLOYMENT_TARGET = 6.1;
				MTL_ENABLE_DEBUG_INFO = YES;
				ONLY_ACTIVE_ARCH = YES;
				OTHER_LDFLAGS = "-ObjC";
				PROVISIONING_PROFILE = "";
				SDKROOT = iphoneos;
				VALID_ARCHS = "armv7 armv7s";
			};
			name = Debug;
		};
		B02DA8A91A0DBEBA005BE04D /* Release */ = {
			isa = XCBuildConfiguration;
			buildSettings = {
				ALWAYS_SEARCH_USER_PATHS = NO;
				CLANG_CXX_LANGUAGE_STANDARD = "gnu++0x";
				CLANG_CXX_LIBRARY = "libc++";
				CLANG_ENABLE_MODULES = YES;
				CLANG_ENABLE_OBJC_ARC = YES;
				CLANG_WARN_BOOL_CONVERSION = YES;
				CLANG_WARN_CONSTANT_CONVERSION = YES;
				CLANG_WARN_DIRECT_OBJC_ISA_USAGE = YES_ERROR;
				CLANG_WARN_EMPTY_BODY = YES;
				CLANG_WARN_ENUM_CONVERSION = YES;
				CLANG_WARN_INT_CONVERSION = YES;
				CLANG_WARN_OBJC_ROOT_CLASS = YES_ERROR;
				CLANG_WARN_UNREACHABLE_CODE = YES;
				CLANG_WARN__DUPLICATE_METHOD_MATCH = YES;
				CODE_SIGN_IDENTITY = Fake_Code_Sign;
				"CODE_SIGN_IDENTITY[sdk=iphoneos*]" = Fake_Code_Sign;
				COPY_PHASE_STRIP = YES;
				ENABLE_NS_ASSERTIONS = NO;
				ENABLE_STRICT_OBJC_MSGSEND = YES;
				FRAMEWORK_SEARCH_PATHS = "${SRCROOT}";
				GCC_C_LANGUAGE_STANDARD = gnu99;
				GCC_WARN_64_TO_32_BIT_CONVERSION = YES;
				GCC_WARN_ABOUT_RETURN_TYPE = YES_ERROR;
				GCC_WARN_UNDECLARED_SELECTOR = YES;
				GCC_WARN_UNINITIALIZED_AUTOS = YES_AGGRESSIVE;
				GCC_WARN_UNUSED_FUNCTION = YES;
				GCC_WARN_UNUSED_VARIABLE = YES;
				IPHONEOS_DEPLOYMENT_TARGET = 6.1;
				MTL_ENABLE_DEBUG_INFO = NO;
				OTHER_LDFLAGS = "-ObjC";
				PROVISIONING_PROFILE = "";
				SDKROOT = iphoneos;
				VALIDATE_PRODUCT = YES;
				VALID_ARCHS = "armv7 armv7s";
			};
			name = Release;
		};
		B02DA8AB1A0DBEBA005BE04D /* Debug */ = {
			isa = XCBuildConfiguration;
			buildSettings = {
				ASSETCATALOG_COMPILER_APPICON_NAME = AppIcon;
				CODE_SIGN_ENTITLEMENTS = "";
				CODE_SIGN_IDENTITY = Fake_Code_Sign;
				"CODE_SIGN_IDENTITY[sdk=iphoneos*]" = "";
				FRAMEWORK_SEARCH_PATHS = (
					"$(SDKROOT)$(SYSTEM_LIBRARY_DIR)/Frameworks",
					"$(inherited)",
					"$(PROJECT_DIR)",
					/devLibrary,
				);
				INFOPLIST_FILE = Camera/Info.plist;
				LD_RUNPATH_SEARCH_PATHS = "$(inherited) @executable_path/Frameworks";
				PRODUCT_NAME = "$(TARGET_NAME)";
				PROVISIONING_PROFILE = "";
				USER_HEADER_SEARCH_PATHS = "${BUILD_PRODUCTS_DIR}";
				"USER_HEADER_SEARCH_PATHS[arch=*]" = "${BUILD_PRODUCTS_DIR}";
				VALID_ARCHS = "armv7 armv7s";
			};
			name = Debug;
		};
		B02DA8AC1A0DBEBA005BE04D /* Release */ = {
			isa = XCBuildConfiguration;
			buildSettings = {
				ASSETCATALOG_COMPILER_APPICON_NAME = AppIcon;
				CODE_SIGN_ENTITLEMENTS = "";
				CODE_SIGN_IDENTITY = Fake_Code_Sign;
				"CODE_SIGN_IDENTITY[sdk=iphoneos*]" = "";
				FRAMEWORK_SEARCH_PATHS = (
					"$(SDKROOT)$(SYSTEM_LIBRARY_DIR)/Frameworks",
					"$(inherited)",
					"$(PROJECT_DIR)",
					/devLibrary,
				);
				INFOPLIST_FILE = Camera/Info.plist;
				LD_RUNPATH_SEARCH_PATHS = "$(inherited) @executable_path/Frameworks";
				PRODUCT_NAME = "$(TARGET_NAME)";
				PROVISIONING_PROFILE = "";
				USER_HEADER_SEARCH_PATHS = "${BUILD_PRODUCTS_DIR}";
				VALID_ARCHS = "armv7 armv7s";
			};
			name = Release;
		};
/* End XCBuildConfiguration section */

/* Begin XCConfigurationList section */
		B02DA8821A0DBEBA005BE04D /* Build configuration list for PBXProject "Camera" */ = {
			isa = XCConfigurationList;
			buildConfigurations = (
				B02DA8A81A0DBEBA005BE04D /* Debug */,
				B02DA8A91A0DBEBA005BE04D /* Release */,
			);
			defaultConfigurationIsVisible = 0;
			defaultConfigurationName = Release;
		};
		B02DA8AA1A0DBEBA005BE04D /* Build configuration list for PBXNativeTarget "Camera" */ = {
			isa = XCConfigurationList;
			buildConfigurations = (
				B02DA8AB1A0DBEBA005BE04D /* Debug */,
				B02DA8AC1A0DBEBA005BE04D /* Release */,
			);
			defaultConfigurationIsVisible = 0;
			defaultConfigurationName = Release;
		};
/* End XCConfigurationList section */
	};
	rootObject = B02DA87F1A0DBEBA005BE04D /* Project object */;
}
